// !$*UTF8*$!
{
	archiveVersion = 1;
	classes = {
	};
	objectVersion = 56;
	objects = {

/* Begin PBXBuildFile section */
		90DC318E2B70A54F006262E7 /* AppDelegate.swift in Sources */ = {isa = PBXBuildFile; fileRef = 90DC318D2B70A54F006262E7 /* AppDelegate.swift */; };
		90DC31902B70A54F006262E7 /* SceneDelegate.swift in Sources */ = {isa = PBXBuildFile; fileRef = 90DC318F2B70A54F006262E7 /* SceneDelegate.swift */; };
		90DC31922B70A54F006262E7 /* ViewController.swift in Sources */ = {isa = PBXBuildFile; fileRef = 90DC31912B70A54F006262E7 /* ViewController.swift */; };
		90DC31952B70A54F006262E7 /* Main.storyboard in Resources */ = {isa = PBXBuildFile; fileRef = 90DC31932B70A54F006262E7 /* Main.storyboard */; };
		90DC31972B70A552006262E7 /* Assets.xcassets in Resources */ = {isa = PBXBuildFile; fileRef = 90DC31962B70A552006262E7 /* Assets.xcassets */; };
		90DC319A2B70A552006262E7 /* LaunchScreen.storyboard in Resources */ = {isa = PBXBuildFile; fileRef = 90DC31982B70A552006262E7 /* LaunchScreen.storyboard */; };
		90DC31A42B70A60E006262E7 /* ToDoViewController.swift in Sources */ = {isa = PBXBuildFile; fileRef = 90DC31A22B70A60E006262E7 /* ToDoViewController.swift */; };
		90DC31A52B70A60E006262E7 /* ToDoViewController.xib in Resources */ = {isa = PBXBuildFile; fileRef = 90DC31A32B70A60E006262E7 /* ToDoViewController.xib */; };
		90DC31A72B70B7E9006262E7 /* TodoItem.swift in Sources */ = {isa = PBXBuildFile; fileRef = 90DC31A62B70B7E9006262E7 /* TodoItem.swift */; };
		90DC31AC2B70B9A1006262E7 /* TodoItemTableViewCell.swift in Sources */ = {isa = PBXBuildFile; fileRef = 90DC31AA2B70B9A1006262E7 /* TodoItemTableViewCell.swift */; };
		90DC31AD2B70B9A1006262E7 /* TodoItemTableViewCell.xib in Resources */ = {isa = PBXBuildFile; fileRef = 90DC31AB2B70B9A1006262E7 /* TodoItemTableViewCell.xib */; };
/* End PBXBuildFile section */

/* Begin PBXFileReference section */
		90DC318A2B70A54F006262E7 /* ToDo.app */ = {isa = PBXFileReference; explicitFileType = wrapper.application; includeInIndex = 0; path = ToDo.app; sourceTree = BUILT_PRODUCTS_DIR; };
		90DC318D2B70A54F006262E7 /* AppDelegate.swift */ = {isa = PBXFileReference; lastKnownFileType = sourcecode.swift; path = AppDelegate.swift; sourceTree = "<group>"; };
		90DC318F2B70A54F006262E7 /* SceneDelegate.swift */ = {isa = PBXFileReference; lastKnownFileType = sourcecode.swift; path = SceneDelegate.swift; sourceTree = "<group>"; };
		90DC31912B70A54F006262E7 /* ViewController.swift */ = {isa = PBXFileReference; lastKnownFileType = sourcecode.swift; path = ViewController.swift; sourceTree = "<group>"; };
		90DC31942B70A54F006262E7 /* Base */ = {isa = PBXFileReference; lastKnownFileType = file.storyboard; name = Base; path = Base.lproj/Main.storyboard; sourceTree = "<group>"; };
		90DC31962B70A552006262E7 /* Assets.xcassets */ = {isa = PBXFileReference; lastKnownFileType = folder.assetcatalog; path = Assets.xcassets; sourceTree = "<group>"; };
		90DC31992B70A552006262E7 /* Base */ = {isa = PBXFileReference; lastKnownFileType = file.storyboard; name = Base; path = Base.lproj/LaunchScreen.storyboard; sourceTree = "<group>"; };
		90DC319B2B70A552006262E7 /* Info.plist */ = {isa = PBXFileReference; lastKnownFileType = text.plist.xml; path = Info.plist; sourceTree = "<group>"; };
		90DC31A22B70A60E006262E7 /* ToDoViewController.swift */ = {isa = PBXFileReference; lastKnownFileType = sourcecode.swift; path = ToDoViewController.swift; sourceTree = "<group>"; };
		90DC31A32B70A60E006262E7 /* ToDoViewController.xib */ = {isa = PBXFileReference; lastKnownFileType = file.xib; path = ToDoViewController.xib; sourceTree = "<group>"; };
		90DC31A62B70B7E9006262E7 /* TodoItem.swift */ = {isa = PBXFileReference; lastKnownFileType = sourcecode.swift; path = TodoItem.swift; sourceTree = "<group>"; };
		90DC31AA2B70B9A1006262E7 /* TodoItemTableViewCell.swift */ = {isa = PBXFileReference; lastKnownFileType = sourcecode.swift; path = TodoItemTableViewCell.swift; sourceTree = "<group>"; };
		90DC31AB2B70B9A1006262E7 /* TodoItemTableViewCell.xib */ = {isa = PBXFileReference; lastKnownFileType = file.xib; path = TodoItemTableViewCell.xib; sourceTree = "<group>"; };
/* End PBXFileReference section */

/* Begin PBXFrameworksBuildPhase section */
		90DC31872B70A54F006262E7 /* Frameworks */ = {
			isa = PBXFrameworksBuildPhase;
			buildActionMask = 2147483647;
			files = (
			);
			runOnlyForDeploymentPostprocessing = 0;
		};
/* End PBXFrameworksBuildPhase section */

/* Begin PBXGroup section */
		90DC31812B70A54F006262E7 = {
			isa = PBXGroup;
			children = (
				90DC318C2B70A54F006262E7 /* ToDo */,
				90DC318B2B70A54F006262E7 /* Products */,
			);
			sourceTree = "<group>";
		};
		90DC318B2B70A54F006262E7 /* Products */ = {
			isa = PBXGroup;
			children = (
				90DC318A2B70A54F006262E7 /* ToDo.app */,
			);
			name = Products;
			sourceTree = "<group>";
		};
		90DC318C2B70A54F006262E7 /* ToDo */ = {
			isa = PBXGroup;
			children = (
				90DC31A12B70A5D8006262E7 /* Home */,
				90DC318D2B70A54F006262E7 /* AppDelegate.swift */,
				90DC318F2B70A54F006262E7 /* SceneDelegate.swift */,
				90DC31912B70A54F006262E7 /* ViewController.swift */,
				90DC31932B70A54F006262E7 /* Main.storyboard */,
				90DC31962B70A552006262E7 /* Assets.xcassets */,
				90DC31982B70A552006262E7 /* LaunchScreen.storyboard */,
				90DC319B2B70A552006262E7 /* Info.plist */,
			);
			path = ToDo;
			sourceTree = "<group>";
		};
		90DC31A12B70A5D8006262E7 /* Home */ = {
			isa = PBXGroup;
			children = (
				90DC31A22B70A60E006262E7 /* ToDoViewController.swift */,
				90DC31A32B70A60E006262E7 /* ToDoViewController.xib */,
				90DC31A62B70B7E9006262E7 /* TodoItem.swift */,
				90DC31AA2B70B9A1006262E7 /* TodoItemTableViewCell.swift */,
				90DC31AB2B70B9A1006262E7 /* TodoItemTableViewCell.xib */,
			);
			path = Home;
			sourceTree = "<group>";
		};
/* End PBXGroup section */

/* Begin PBXNativeTarget section */
		90DC31892B70A54F006262E7 /* ToDo */ = {
			isa = PBXNativeTarget;
			buildConfigurationList = 90DC319E2B70A552006262E7 /* Build configuration list for PBXNativeTarget "ToDo" */;
			buildPhases = (
				90DC31862B70A54F006262E7 /* Sources */,
				90DC31872B70A54F006262E7 /* Frameworks */,
				90DC31882B70A54F006262E7 /* Resources */,
			);
			buildRules = (
			);
			dependencies = (
			);
			name = ToDo;
			productName = ToDo;
			productReference = 90DC318A2B70A54F006262E7 /* ToDo.app */;
			productType = "com.apple.product-type.application";
		};
/* End PBXNativeTarget section */

/* Begin PBXProject section */
		90DC31822B70A54F006262E7 /* Project object */ = {
			isa = PBXProject;
			attributes = {
				BuildIndependentTargetsInParallel = 1;
				LastSwiftUpdateCheck = 1420;
				LastUpgradeCheck = 1420;
				TargetAttributes = {
					90DC31892B70A54F006262E7 = {
						CreatedOnToolsVersion = 14.2;
					};
				};
			};
			buildConfigurationList = 90DC31852B70A54F006262E7 /* Build configuration list for PBXProject "ToDo" */;
			compatibilityVersion = "Xcode 14.0";
			developmentRegion = en;
			hasScannedForEncodings = 0;
			knownRegions = (
				en,
				Base,
			);
			mainGroup = 90DC31812B70A54F006262E7;
			productRefGroup = 90DC318B2B70A54F006262E7 /* Products */;
			projectDirPath = "";
			projectRoot = "";
			targets = (
				90DC31892B70A54F006262E7 /* ToDo */,
			);
		};
/* End PBXProject section */

/* Begin PBXResourcesBuildPhase section */
		90DC31882B70A54F006262E7 /* Resources */ = {
			isa = PBXResourcesBuildPhase;
			buildActionMask = 2147483647;
			files = (
				90DC31A52B70A60E006262E7 /* ToDoViewController.xib in Resources */,
				90DC31AD2B70B9A1006262E7 /* TodoItemTableViewCell.xib in Resources */,
				90DC319A2B70A552006262E7 /* LaunchScreen.storyboard in Resources */,
				90DC31972B70A552006262E7 /* Assets.xcassets in Resources */,
				90DC31952B70A54F006262E7 /* Main.storyboard in Resources */,
			);
			runOnlyForDeploymentPostprocessing = 0;
		};
/* End PBXResourcesBuildPhase section */

/* Begin PBXSourcesBuildPhase section */
		90DC31862B70A54F006262E7 /* Sources */ = {
			isa = PBXSourcesBuildPhase;
			buildActionMask = 2147483647;
			files = (
				90DC31AC2B70B9A1006262E7 /* TodoItemTableViewCell.swift in Sources */,
				90DC31A72B70B7E9006262E7 /* TodoItem.swift in Sources */,
				90DC31A42B70A60E006262E7 /* ToDoViewController.swift in Sources */,
				90DC31922B70A54F006262E7 /* ViewController.swift in Sources */,
				90DC318E2B70A54F006262E7 /* AppDelegate.swift in Sources */,
				90DC31902B70A54F006262E7 /* SceneDelegate.swift in Sources */,
			);
			runOnlyForDeploymentPostprocessing = 0;
		};
/* End PBXSourcesBuildPhase section */

/* Begin PBXVariantGroup section */
		90DC31932B70A54F006262E7 /* Main.storyboard */ = {
			isa = PBXVariantGroup;
			children = (
				90DC31942B70A54F006262E7 /* Base */,
			);
			name = Main.storyboard;
			sourceTree = "<group>";
		};
		90DC31982B70A552006262E7 /* LaunchScreen.storyboard */ = {
			isa = PBXVariantGroup;
			children = (
				90DC31992B70A552006262E7 /* Base */,
			);
			name = LaunchScreen.storyboard;
			sourceTree = "<group>";
		};
/* End PBXVariantGroup section */

/* Begin XCBuildConfiguration section */
		90DC319C2B70A552006262E7 /* Debug */ = {
			isa = XCBuildConfiguration;
			buildSettings = {
				ALWAYS_SEARCH_USER_PATHS = NO;
				CLANG_ANALYZER_NONNULL = YES;
				CLANG_ANALYZER_NUMBER_OBJECT_CONVERSION = YES_AGGRESSIVE;
				CLANG_CXX_LANGUAGE_STANDARD = "gnu++20";
				CLANG_ENABLE_MODULES = YES;
				CLANG_ENABLE_OBJC_ARC = YES;
				CLANG_ENABLE_OBJC_WEAK = YES;
				CLANG_WARN_BLOCK_CAPTURE_AUTORELEASING = YES;
				CLANG_WARN_BOOL_CONVERSION = YES;
				CLANG_WARN_COMMA = YES;
				CLANG_WARN_CONSTANT_CONVERSION = YES;
				CLANG_WARN_DEPRECATED_OBJC_IMPLEMENTATIONS = YES;
				CLANG_WARN_DIRECT_OBJC_ISA_USAGE = YES_ERROR;
				CLANG_WARN_DOCUMENTATION_COMMENTS = YES;
				CLANG_WARN_EMPTY_BODY = YES;
				CLANG_WARN_ENUM_CONVERSION = YES;
				CLANG_WARN_INFINITE_RECURSION = YES;
				CLANG_WARN_INT_CONVERSION = YES;
				CLANG_WARN_NON_LITERAL_NULL_CONVERSION = YES;
				CLANG_WARN_OBJC_IMPLICIT_RETAIN_SELF = YES;
				CLANG_WARN_OBJC_LITERAL_CONVERSION = YES;
				CLANG_WARN_OBJC_ROOT_CLASS = YES_ERROR;
				CLANG_WARN_QUOTED_INCLUDE_IN_FRAMEWORK_HEADER = YES;
				CLANG_WARN_RANGE_LOOP_ANALYSIS = YES;
				CLANG_WARN_STRICT_PROTOTYPES = YES;
				CLANG_WARN_SUSPICIOUS_MOVE = YES;
				CLANG_WARN_UNGUARDED_AVAILABILITY = YES_AGGRESSIVE;
				CLANG_WARN_UNREACHABLE_CODE = YES;
				CLANG_WARN__DUPLICATE_METHOD_MATCH = YES;
				COPY_PHASE_STRIP = NO;
				DEBUG_INFORMATION_FORMAT = dwarf;
				ENABLE_STRICT_OBJC_MSGSEND = YES;
				ENABLE_TESTABILITY = YES;
				GCC_C_LANGUAGE_STANDARD = gnu11;
				GCC_DYNAMIC_NO_PIC = NO;
				GCC_NO_COMMON_BLOCKS = YES;
				GCC_OPTIMIZATION_LEVEL = 0;
				GCC_PREPROCESSOR_DEFINITIONS = (
					"DEBUG=1",
					"$(inherited)",
				);
				GCC_WARN_64_TO_32_BIT_CONVERSION = YES;
				GCC_WARN_ABOUT_RETURN_TYPE = YES_ERROR;
				GCC_WARN_UNDECLARED_SELECTOR = YES;
				GCC_WARN_UNINITIALIZED_AUTOS = YES_AGGRESSIVE;
				GCC_WARN_UNUSED_FUNCTION = YES;
				GCC_WARN_UNUSED_VARIABLE = YES;
				IPHONEOS_DEPLOYMENT_TARGET = 16.2;
				MTL_ENABLE_DEBUG_INFO = INCLUDE_SOURCE;
				MTL_FAST_MATH = YES;
				ONLY_ACTIVE_ARCH = YES;
				SDKROOT = iphoneos;
				SWIFT_ACTIVE_COMPILATION_CONDITIONS = DEBUG;
				SWIFT_OPTIMIZATION_LEVEL = "-Onone";
			};
			name = Debug;
		};
		90DC319D2B70A552006262E7 /* Release */ = {
			isa = XCBuildConfiguration;
			buildSettings = {
				ALWAYS_SEARCH_USER_PATHS = NO;
				CLANG_ANALYZER_NONNULL = YES;
				CLANG_ANALYZER_NUMBER_OBJECT_CONVERSION = YES_AGGRESSIVE;
				CLANG_CXX_LANGUAGE_STANDARD = "gnu++20";
				CLANG_ENABLE_MODULES = YES;
				CLANG_ENABLE_OBJC_ARC = YES;
				CLANG_ENABLE_OBJC_WEAK = YES;
				CLANG_WARN_BLOCK_CAPTURE_AUTORELEASING = YES;
				CLANG_WARN_BOOL_CONVERSION = YES;
				CLANG_WARN_COMMA = YES;
				CLANG_WARN_CONSTANT_CONVERSION = YES;
				CLANG_WARN_DEPRECATED_OBJC_IMPLEMENTATIONS = YES;
				CLANG_WARN_DIRECT_OBJC_ISA_USAGE = YES_ERROR;
				CLANG_WARN_DOCUMENTATION_COMMENTS = YES;
				CLANG_WARN_EMPTY_BODY = YES;
				CLANG_WARN_ENUM_CONVERSION = YES;
				CLANG_WARN_INFINITE_RECURSION = YES;
				CLANG_WARN_INT_CONVERSION = YES;
				CLANG_WARN_NON_LITERAL_NULL_CONVERSION = YES;
				CLANG_WARN_OBJC_IMPLICIT_RETAIN_SELF = YES;
				CLANG_WARN_OBJC_LITERAL_CONVERSION = YES;
				CLANG_WARN_OBJC_ROOT_CLASS = YES_ERROR;
				CLANG_WARN_QUOTED_INCLUDE_IN_FRAMEWORK_HEADER = YES;
				CLANG_WARN_RANGE_LOOP_ANALYSIS = YES;
				CLANG_WARN_STRICT_PROTOTYPES = YES;
				CLANG_WARN_SUSPICIOUS_MOVE = YES;
				CLANG_WARN_UNGUARDED_AVAILABILITY = YES_AGGRESSIVE;
				CLANG_WARN_UNREACHABLE_CODE = YES;
				CLANG_WARN__DUPLICATE_METHOD_MATCH = YES;
				COPY_PHASE_STRIP = NO;
				DEBUG_INFORMATION_FORMAT = "dwarf-with-dsym";
				ENABLE_NS_ASSERTIONS = NO;
				ENABLE_STRICT_OBJC_MSGSEND = YES;
				GCC_C_LANGUAGE_STANDARD = gnu11;
				GCC_NO_COMMON_BLOCKS = YES;
				GCC_WARN_64_TO_32_BIT_CONVERSION = YES;
				GCC_WARN_ABOUT_RETURN_TYPE = YES_ERROR;
				GCC_WARN_UNDECLARED_SELECTOR = YES;
				GCC_WARN_UNINITIALIZED_AUTOS = YES_AGGRESSIVE;
				GCC_WARN_UNUSED_FUNCTION = YES;
				GCC_WARN_UNUSED_VARIABLE = YES;
				IPHONEOS_DEPLOYMENT_TARGET = 16.2;
				MTL_ENABLE_DEBUG_INFO = NO;
				MTL_FAST_MATH = YES;
				SDKROOT = iphoneos;
				SWIFT_COMPILATION_MODE = wholemodule;
				SWIFT_OPTIMIZATION_LEVEL = "-O";
				VALIDATE_PRODUCT = YES;
			};
			name = Release;
		};
		90DC319F2B70A552006262E7 /* Debug */ = {
			isa = XCBuildConfiguration;
			buildSettings = {
				ASSETCATALOG_COMPILER_APPICON_NAME = AppIcon;
				ASSETCATALOG_COMPILER_GLOBAL_ACCENT_COLOR_NAME = AccentColor;
				CODE_SIGN_STYLE = Automatic;
				CURRENT_PROJECT_VERSION = 1;
				DEVELOPMENT_TEAM = L5528DT8XG;
				GENERATE_INFOPLIST_FILE = YES;
				INFOPLIST_FILE = ToDo/Info.plist;
				INFOPLIST_KEY_UIApplicationSupportsIndirectInputEvents = YES;
				INFOPLIST_KEY_UILaunchStoryboardName = LaunchScreen;
				INFOPLIST_KEY_UIMainStoryboardFile = Main;
				INFOPLIST_KEY_UISupportedInterfaceOrientations_iPad = "UIInterfaceOrientationPortrait UIInterfaceOrientationPortraitUpsideDown UIInterfaceOrientationLandscapeLeft UIInterfaceOrientationLandscapeRight";
				INFOPLIST_KEY_UISupportedInterfaceOrientations_iPhone = "UIInterfaceOrientationPortrait UIInterfaceOrientationLandscapeLeft UIInterfaceOrientationLandscapeRight";
				LD_RUNPATH_SEARCH_PATHS = (
					"$(inherited)",
					"@executable_path/Frameworks",
				);
				MARKETING_VERSION = 1.0;
				PRODUCT_BUNDLE_IDENTIFIER = xyz.ToDo;
				PRODUCT_NAME = "$(TARGET_NAME)";
				SWIFT_EMIT_LOC_STRINGS = YES;
				SWIFT_VERSION = 5.0;
				TARGETED_DEVICE_FAMILY = "1,2";
			};
			name = Debug;
		};
		90DC31A02B70A552006262E7 /* Release */ = {
			isa = XCBuildConfiguration;
			buildSettings = {
				ASSETCATALOG_COMPILER_APPICON_NAME = AppIcon;
				ASSETCATALOG_COMPILER_GLOBAL_ACCENT_COLOR_NAME = AccentColor;
				CODE_SIGN_STYLE = Automatic;
				CURRENT_PROJECT_VERSION = 1;
				DEVELOPMENT_TEAM = L5528DT8XG;
				GENERATE_INFOPLIST_FILE = YES;
				INFOPLIST_FILE = ToDo/Info.plist;
				INFOPLIST_KEY_UIApplicationSupportsIndirectInputEvents = YES;
				INFOPLIST_KEY_UILaunchStoryboardName = LaunchScreen;
				INFOPLIST_KEY_UIMainStoryboardFile = Main;
				INFOPLIST_KEY_UISupportedInterfaceOrientations_iPad = "UIInterfaceOrientationPortrait UIInterfaceOrientationPortraitUpsideDown UIInterfaceOrientationLandscapeLeft UIInterfaceOrientationLandscapeRight";
				INFOPLIST_KEY_UISupportedInterfaceOrientations_iPhone = "UIInterfaceOrientationPortrait UIInterfaceOrientationLandscapeLeft UIInterfaceOrientationLandscapeRight";
				LD_RUNPATH_SEARCH_PATHS = (
					"$(inherited)",
					"@executable_path/Frameworks",
				);
				MARKETING_VERSION = 1.0;
				PRODUCT_BUNDLE_IDENTIFIER = xyz.ToDo;
				PRODUCT_NAME = "$(TARGET_NAME)";
				SWIFT_EMIT_LOC_STRINGS = YES;
				SWIFT_VERSION = 5.0;
				TARGETED_DEVICE_FAMILY = "1,2";
			};
			name = Release;
		};
/* End XCBuildConfiguration section */

/* Begin XCConfigurationList section */
		90DC31852B70A54F006262E7 /* Build configuration list for PBXProject "ToDo" */ = {
			isa = XCConfigurationList;
			buildConfigurations = (
				90DC319C2B70A552006262E7 /* Debug */,
				90DC319D2B70A552006262E7 /* Release */,
			);
			defaultConfigurationIsVisible = 0;
			defaultConfigurationName = Release;
		};
		90DC319E2B70A552006262E7 /* Build configuration list for PBXNativeTarget "ToDo" */ = {
			isa = XCConfigurationList;
			buildConfigurations = (
				90DC319F2B70A552006262E7 /* Debug */,
				90DC31A02B70A552006262E7 /* Release */,
			);
			defaultConfigurationIsVisible = 0;
			defaultConfigurationName = Release;
		};
/* End XCConfigurationList section */
	};
	rootObject = 90DC31822B70A54F006262E7 /* Project object */;
}
